
Microsoft Visual Studio Solution File, Format Version 12.00
# Visual Studio Version 16
VisualStudioVersion = 16.0.31702.278
MinimumVisualStudioVersion = 10.0.40219.1
Project("{8BC9CEB8-8B4A-11D0-8D11-00A0C91BC942}") = "Star", "Star.vcxproj", "{85CFF261-2C4F-437E-822A-74FC22046007}"
EndProject
Global
	GlobalSection(SolutionConfigurationPlatforms) = preSolution
		Debug|x64 = Debug|x64
		Debug|x86 = Debug|x86
		Release|x64 = Release|x64
		Release|x86 = Release|x86
	EndGlobalSection
	GlobalSection(ProjectConfigurationPlatforms) = postSolution
		{85CFF261-2C4F-437E-822A-74FC22046007}.Debug|x64.ActiveCfg = Debug|x64
		{85CFF261-2C4F-437E-822A-74FC22046007}.Debug|x64.Build.0 = Debug|x64
		{85CFF261-2C4F-437E-822A-74FC22046007}.Debug|x86.ActiveCfg = Debug|Win32
		{85CFF261-2C4F-437E-822A-74FC22046007}.Debug|x86.Build.0 = Debug|Win32
		{85CFF261-2C4F-437E-822A-74FC22046007}.Release|x64.ActiveCfg = Release|x64
		{85CFF261-2C4F-437E-822A-74FC22046007}.Release|x64.Build.0 = Release|x64
		{85CFF261-2C4F-437E-822A-74FC22046007}.Release|x86.ActiveCfg = Release|Win32
		{85CFF261-2C4F-437E-822A-74FC22046007}.Release|x86.Build.0 = Release|Win32
	EndGlobalSection
	GlobalSection(SolutionProperties) = preSolution
		HideSolutionNode = FALSE
	EndGlobalSection
	GlobalSection(ExtensibilityGlobals) = postSolution
		SolutionGuid = {EBAD155F-1369-4CE4-A568-2A9499429950}
	EndGlobalSection
EndGlobal
