
Microsoft Visual Studio Solution File, Format Version 12.00
# Visual Studio Version 17
VisualStudioVersion = 17.3.32901.215
MinimumVisualStudioVersion = 10.0.40219.1
Project("{8BC9CEB8-8B4A-11D0-8D11-00A0C91BC942}") = "LinkedListStack", "LinkedListStack.vcxproj", "{07E7E944-619B-49CC-AFC0-1524BF528439}"
EndProject
Global
	GlobalSection(SolutionConfigurationPlatforms) = preSolution
		Debug|x64 = Debug|x64
		Debug|x86 = Debug|x86
		Release|x64 = Release|x64
		Release|x86 = Release|x86
	EndGlobalSection
	GlobalSection(ProjectConfigurationPlatforms) = postSolution
		{07E7E944-619B-49CC-AFC0-1524BF528439}.Debug|x64.ActiveCfg = Debug|x64
		{07E7E944-619B-49CC-AFC0-1524BF528439}.Debug|x64.Build.0 = Debug|x64
		{07E7E944-619B-49CC-AFC0-1524BF528439}.Debug|x86.ActiveCfg = Debug|Win32
		{07E7E944-619B-49CC-AFC0-1524BF528439}.Debug|x86.Build.0 = Debug|Win32
		{07E7E944-619B-49CC-AFC0-1524BF528439}.Release|x64.ActiveCfg = Release|x64
		{07E7E944-619B-49CC-AFC0-1524BF528439}.Release|x64.Build.0 = Release|x64
		{07E7E944-619B-49CC-AFC0-1524BF528439}.Release|x86.ActiveCfg = Release|Win32
		{07E7E944-619B-49CC-AFC0-1524BF528439}.Release|x86.Build.0 = Release|Win32
	EndGlobalSection
	GlobalSection(SolutionProperties) = preSolution
		HideSolutionNode = FALSE
	EndGlobalSection
	GlobalSection(ExtensibilityGlobals) = postSolution
		SolutionGuid = {BC127D83-9ADA-42D1-A84B-D6E0DB7A172F}
	EndGlobalSection
EndGlobal
