
Microsoft Visual Studio Solution File, Format Version 12.00
# Visual Studio Version 17
Project("{8BC9CEB8-8B4A-11D0-8D11-00A0C91BC942}") = "ALL_BUILD", "ALL_BUILD.vcxproj", "{2EC6DD26-0D05-3B33-98F3-52DF8877C79E}"
	ProjectSection(ProjectDependencies) = postProject
		{EDFB4DF0-93BE-39B0-8408-0DBF1AF6BBCC} = {EDFB4DF0-93BE-39B0-8408-0DBF1AF6BBCC}
		{18A44964-5ECE-3774-B694-AACF5911FDFD} = {18A44964-5ECE-3774-B694-AACF5911FDFD}
		{D3F39864-6DEA-3CAF-A3FB-F5E1B2BA2B42} = {D3F39864-6DEA-3CAF-A3FB-F5E1B2BA2B42}
	EndProjectSection
EndProject
Project("{8BC9CEB8-8B4A-11D0-8D11-00A0C91BC942}") = "INSTALL", "INSTALL.vcxproj", "{E39F45B2-1908-33E1-8667-7381D235005B}"
	ProjectSection(ProjectDependencies) = postProject
		{2EC6DD26-0D05-3B33-98F3-52DF8877C79E} = {2EC6DD26-0D05-3B33-98F3-52DF8877C79E}
		{18A44964-5ECE-3774-B694-AACF5911FDFD} = {18A44964-5ECE-3774-B694-AACF5911FDFD}
	EndProjectSection
EndProject
Project("{8BC9CEB8-8B4A-11D0-8D11-00A0C91BC942}") = "MinecraftJsonConsole", "minecraftjsonconsole\MinecraftJsonConsole.vcxproj", "{EDFB4DF0-93BE-39B0-8408-0DBF1AF6BBCC}"
	ProjectSection(ProjectDependencies) = postProject
		{18A44964-5ECE-3774-B694-AACF5911FDFD} = {18A44964-5ECE-3774-B694-AACF5911FDFD}
	EndProjectSection
EndProject
Project("{8BC9CEB8-8B4A-11D0-8D11-00A0C91BC942}") = "PACKAGE", "PACKAGE.vcxproj", "{4973399F-1EB4-3593-92D8-F69EC94EE984}"
	ProjectSection(ProjectDependencies) = postProject
		{2EC6DD26-0D05-3B33-98F3-52DF8877C79E} = {2EC6DD26-0D05-3B33-98F3-52DF8877C79E}
		{18A44964-5ECE-3774-B694-AACF5911FDFD} = {18A44964-5ECE-3774-B694-AACF5911FDFD}
	EndProjectSection
EndProject
Project("{8BC9CEB8-8B4A-11D0-8D11-00A0C91BC942}") = "ZERO_CHECK", "ZERO_CHECK.vcxproj", "{18A44964-5ECE-3774-B694-AACF5911FDFD}"
	ProjectSection(ProjectDependencies) = postProject
	EndProjectSection
EndProject
Project("{8BC9CEB8-8B4A-11D0-8D11-00A0C91BC942}") = "commoncode", "commoncode\commoncode.vcxproj", "{D3F39864-6DEA-3CAF-A3FB-F5E1B2BA2B42}"
	ProjectSection(ProjectDependencies) = postProject
		{18A44964-5ECE-3774-B694-AACF5911FDFD} = {18A44964-5ECE-3774-B694-AACF5911FDFD}
	EndProjectSection
EndProject
Global
	GlobalSection(SolutionConfigurationPlatforms) = preSolution
		Debug|x64 = Debug|x64
		Release|x64 = Release|x64
		MinSizeRel|x64 = MinSizeRel|x64
		RelWithDebInfo|x64 = RelWithDebInfo|x64
	EndGlobalSection
	GlobalSection(ProjectConfigurationPlatforms) = postSolution
		{2EC6DD26-0D05-3B33-98F3-52DF8877C79E}.Debug|x64.ActiveCfg = Debug|x64
		{2EC6DD26-0D05-3B33-98F3-52DF8877C79E}.Debug|x64.Build.0 = Debug|x64
		{2EC6DD26-0D05-3B33-98F3-52DF8877C79E}.Release|x64.ActiveCfg = Release|x64
		{2EC6DD26-0D05-3B33-98F3-52DF8877C79E}.Release|x64.Build.0 = Release|x64
		{2EC6DD26-0D05-3B33-98F3-52DF8877C79E}.MinSizeRel|x64.ActiveCfg = MinSizeRel|x64
		{2EC6DD26-0D05-3B33-98F3-52DF8877C79E}.MinSizeRel|x64.Build.0 = MinSizeRel|x64
		{2EC6DD26-0D05-3B33-98F3-52DF8877C79E}.RelWithDebInfo|x64.ActiveCfg = RelWithDebInfo|x64
		{2EC6DD26-0D05-3B33-98F3-52DF8877C79E}.RelWithDebInfo|x64.Build.0 = RelWithDebInfo|x64
		{E39F45B2-1908-33E1-8667-7381D235005B}.Debug|x64.ActiveCfg = Debug|x64
		{E39F45B2-1908-33E1-8667-7381D235005B}.Release|x64.ActiveCfg = Release|x64
		{E39F45B2-1908-33E1-8667-7381D235005B}.MinSizeRel|x64.ActiveCfg = MinSizeRel|x64
		{E39F45B2-1908-33E1-8667-7381D235005B}.RelWithDebInfo|x64.ActiveCfg = RelWithDebInfo|x64
		{EDFB4DF0-93BE-39B0-8408-0DBF1AF6BBCC}.Debug|x64.ActiveCfg = Debug|x64
		{EDFB4DF0-93BE-39B0-8408-0DBF1AF6BBCC}.Debug|x64.Build.0 = Debug|x64
		{EDFB4DF0-93BE-39B0-8408-0DBF1AF6BBCC}.Release|x64.ActiveCfg = Release|x64
		{EDFB4DF0-93BE-39B0-8408-0DBF1AF6BBCC}.Release|x64.Build.0 = Release|x64
		{EDFB4DF0-93BE-39B0-8408-0DBF1AF6BBCC}.MinSizeRel|x64.ActiveCfg = MinSizeRel|x64
		{EDFB4DF0-93BE-39B0-8408-0DBF1AF6BBCC}.MinSizeRel|x64.Build.0 = MinSizeRel|x64
		{EDFB4DF0-93BE-39B0-8408-0DBF1AF6BBCC}.RelWithDebInfo|x64.ActiveCfg = RelWithDebInfo|x64
		{EDFB4DF0-93BE-39B0-8408-0DBF1AF6BBCC}.RelWithDebInfo|x64.Build.0 = RelWithDebInfo|x64
		{4973399F-1EB4-3593-92D8-F69EC94EE984}.Debug|x64.ActiveCfg = Debug|x64
		{4973399F-1EB4-3593-92D8-F69EC94EE984}.Release|x64.ActiveCfg = Release|x64
		{4973399F-1EB4-3593-92D8-F69EC94EE984}.MinSizeRel|x64.ActiveCfg = MinSizeRel|x64
		{4973399F-1EB4-3593-92D8-F69EC94EE984}.RelWithDebInfo|x64.ActiveCfg = RelWithDebInfo|x64
		{18A44964-5ECE-3774-B694-AACF5911FDFD}.Debug|x64.ActiveCfg = Debug|x64
		{18A44964-5ECE-3774-B694-AACF5911FDFD}.Debug|x64.Build.0 = Debug|x64
		{18A44964-5ECE-3774-B694-AACF5911FDFD}.Release|x64.ActiveCfg = Release|x64
		{18A44964-5ECE-3774-B694-AACF5911FDFD}.Release|x64.Build.0 = Release|x64
		{18A44964-5ECE-3774-B694-AACF5911FDFD}.MinSizeRel|x64.ActiveCfg = MinSizeRel|x64
		{18A44964-5ECE-3774-B694-AACF5911FDFD}.MinSizeRel|x64.Build.0 = MinSizeRel|x64
		{18A44964-5ECE-3774-B694-AACF5911FDFD}.RelWithDebInfo|x64.ActiveCfg = RelWithDebInfo|x64
		{18A44964-5ECE-3774-B694-AACF5911FDFD}.RelWithDebInfo|x64.Build.0 = RelWithDebInfo|x64
		{D3F39864-6DEA-3CAF-A3FB-F5E1B2BA2B42}.Debug|x64.ActiveCfg = Debug|x64
		{D3F39864-6DEA-3CAF-A3FB-F5E1B2BA2B42}.Debug|x64.Build.0 = Debug|x64
		{D3F39864-6DEA-3CAF-A3FB-F5E1B2BA2B42}.Release|x64.ActiveCfg = Release|x64
		{D3F39864-6DEA-3CAF-A3FB-F5E1B2BA2B42}.Release|x64.Build.0 = Release|x64
		{D3F39864-6DEA-3CAF-A3FB-F5E1B2BA2B42}.MinSizeRel|x64.ActiveCfg = MinSizeRel|x64
		{D3F39864-6DEA-3CAF-A3FB-F5E1B2BA2B42}.MinSizeRel|x64.Build.0 = MinSizeRel|x64
		{D3F39864-6DEA-3CAF-A3FB-F5E1B2BA2B42}.RelWithDebInfo|x64.ActiveCfg = RelWithDebInfo|x64
		{D3F39864-6DEA-3CAF-A3FB-F5E1B2BA2B42}.RelWithDebInfo|x64.Build.0 = RelWithDebInfo|x64
	EndGlobalSection
	GlobalSection(ExtensibilityGlobals) = postSolution
		SolutionGuid = {3FE12A82-406F-3502-B84B-4E763B051172}
	EndGlobalSection
	GlobalSection(ExtensibilityAddIns) = postSolution
	EndGlobalSection
EndGlobal
