<?xml version="1.0" encoding="utf-8"?>
<Project ToolsVersion="17.0" xmlns="http://schemas.microsoft.com/developer/msbuild/2003">
  <ItemGroup>
    <CustomBuild Include="C:\Users\jarne\Documents\DAE\sem_4\ToolDevCpp\MinecraftToolCMakeProject - Copy\buil\CMakeFiles\101133941ff799cdd45f08fa46886a9d\PACKAGE_force.rule">
      <Filter>CMake Rules</Filter>
    </CustomBuild>
  </ItemGroup>
  <ItemGroup>
    <Filter Include="CMake Rules">
      <UniqueIdentifier>{6C1EEC47-09F7-3BF6-8479-900DC990E5BD}</UniqueIdentifier>
    </Filter>
  </ItemGroup>
</Project>
