<?xml version="1.0" encoding="utf-8"?>
<Project ToolsVersion="17.0" xmlns="http://schemas.microsoft.com/developer/msbuild/2003">
  <ItemGroup>
    <ClCompile Include="C:\Users\jarne\Documents\DAE\sem_4\ToolDevCpp\MinecraftToolCMakeProject - Copy\minecraftjsonconsole\main.cpp">
      <Filter>Source Files</Filter>
    </ClCompile>
  </ItemGroup>
  <ItemGroup>
    <CustomBuild Include="C:\Users\jarne\Documents\DAE\sem_4\ToolDevCpp\MinecraftToolCMakeProject - Copy\minecraftjsonconsole\CMakeLists.txt" />
  </ItemGroup>
  <ItemGroup>
    <Filter Include="Source Files">
      <UniqueIdentifier>{117D3340-FF31-3A5E-A59E-028991461CD2}</UniqueIdentifier>
    </Filter>
  </ItemGroup>
</Project>
